
Microsoft Visual Studio Solution File, Format Version 12.00
# Visual Studio Version 17
VisualStudioVersion = 17.10.35122.118
MinimumVisualStudioVersion = 10.0.40219.1
Project("{FAE04EC0-301F-11D3-BF4B-00C04F79EFBC}") = "ConsoleApp1", "ConsoleApp1\ConsoleApp1.csproj", "{0FCA32C3-5D25-461D-94B1-F3595256B501}"
EndProject
Global
	GlobalSection(SolutionConfigurationPlatforms) = preSolution
		Debug|Any CPU = Debug|Any CPU
		Release|Any CPU = Release|Any CPU
	EndGlobalSection
	GlobalSection(ProjectConfigurationPlatforms) = postSolution
		{0FCA32C3-5D25-461D-94B1-F3595256B501}.Debug|Any CPU.ActiveCfg = Debug|Any CPU
		{0FCA32C3-5D25-461D-94B1-F3595256B501}.Debug|Any CPU.Build.0 = Debug|Any CPU
		{0FCA32C3-5D25-461D-94B1-F3595256B501}.Release|Any CPU.ActiveCfg = Release|Any CPU
		{0FCA32C3-5D25-461D-94B1-F3595256B501}.Release|Any CPU.Build.0 = Release|Any CPU
	EndGlobalSection
	GlobalSection(SolutionProperties) = preSolution
		HideSolutionNode = FALSE
	EndGlobalSection
	GlobalSection(ExtensibilityGlobals) = postSolution
		SolutionGuid = {C131410D-3A6B-4349-A7E1-7053787F3A70}
	EndGlobalSection
EndGlobal
